
Microsoft Visual Studio Solution File, Format Version 12.00
# Visual Studio Version 17
VisualStudioVersion = 17.10.35122.118
MinimumVisualStudioVersion = 10.0.40219.1
Project("{FAE04EC0-301F-11D3-BF4B-00C04F79EFBC}") = "Facto", "Facto\Facto.csproj", "{B747C1F0-4241-4EC3-9245-30AE026E9742}"
EndProject
Global
	GlobalSection(SolutionConfigurationPlatforms) = preSolution
		Debug|Any CPU = Debug|Any CPU
		Release|Any CPU = Release|Any CPU
	EndGlobalSection
	GlobalSection(ProjectConfigurationPlatforms) = postSolution
		{B747C1F0-4241-4EC3-9245-30AE026E9742}.Debug|Any CPU.ActiveCfg = Debug|Any CPU
		{B747C1F0-4241-4EC3-9245-30AE026E9742}.Debug|Any CPU.Build.0 = Debug|Any CPU
		{B747C1F0-4241-4EC3-9245-30AE026E9742}.Release|Any CPU.ActiveCfg = Release|Any CPU
		{B747C1F0-4241-4EC3-9245-30AE026E9742}.Release|Any CPU.Build.0 = Release|Any CPU
	EndGlobalSection
	GlobalSection(SolutionProperties) = preSolution
		HideSolutionNode = FALSE
	EndGlobalSection
	GlobalSection(ExtensibilityGlobals) = postSolution
		SolutionGuid = {B67DDC67-7B3B-49E2-9290-8D7EA18F26A7}
	EndGlobalSection
EndGlobal
